
Microsoft Visual Studio Solution File, Format Version 12.00
# Visual Studio Version 17
VisualStudioVersion = 17.5.002.0
MinimumVisualStudioVersion = 10.0.40219.1
Project("{9A19103F-16F7-4668-BE54-9A1E7A4F7556}") = "TrilhaApiDesafio", "TrilhaApiDesafio.csproj", "{EA8A38A3-D2C0-48B9-8F89-C5002A9A253A}"
EndProject
Global
	GlobalSection(SolutionConfigurationPlatforms) = preSolution
		Debug|Any CPU = Debug|Any CPU
		Release|Any CPU = Release|Any CPU
	EndGlobalSection
	GlobalSection(ProjectConfigurationPlatforms) = postSolution
		{EA8A38A3-D2C0-48B9-8F89-C5002A9A253A}.Debug|Any CPU.ActiveCfg = Debug|Any CPU
		{EA8A38A3-D2C0-48B9-8F89-C5002A9A253A}.Debug|Any CPU.Build.0 = Debug|Any CPU
		{EA8A38A3-D2C0-48B9-8F89-C5002A9A253A}.Release|Any CPU.ActiveCfg = Release|Any CPU
		{EA8A38A3-D2C0-48B9-8F89-C5002A9A253A}.Release|Any CPU.Build.0 = Release|Any CPU
	EndGlobalSection
	GlobalSection(SolutionProperties) = preSolution
		HideSolutionNode = FALSE
	EndGlobalSection
	GlobalSection(ExtensibilityGlobals) = postSolution
		SolutionGuid = {19024F8E-F4D6-460A-9596-2FC868E72DBA}
	EndGlobalSection
EndGlobal
